// !$*UTF8*$!
{
	archiveVersion = 1;
	classes = {
	};
	objectVersion = 50;
	objects = {

/* Begin PBXBuildFile section */
		AC6245302492FD1300050444 /* RulesVC.swift in Sources */ = {isa = PBXBuildFile; fileRef = AC62452F2492FD1300050444 /* RulesVC.swift */; };
		ACF10A1E2492C524002E878E /* AppDelegate.swift in Sources */ = {isa = PBXBuildFile; fileRef = ACF10A1D2492C524002E878E /* AppDelegate.swift */; };
		ACF10A202492C524002E878E /* SceneDelegate.swift in Sources */ = {isa = PBXBuildFile; fileRef = ACF10A1F2492C524002E878E /* SceneDelegate.swift */; };
		ACF10A222492C524002E878E /* ViewController.swift in Sources */ = {isa = PBXBuildFile; fileRef = ACF10A212492C524002E878E /* ViewController.swift */; };
		ACF10A252492C524002E878E /* Main.storyboard in Resources */ = {isa = PBXBuildFile; fileRef = ACF10A232492C524002E878E /* Main.storyboard */; };
		ACF10A282492C524002E878E /* Catch_the_ghost.xcdatamodeld in Sources */ = {isa = PBXBuildFile; fileRef = ACF10A262492C524002E878E /* Catch_the_ghost.xcdatamodeld */; };
		ACF10A2A2492C525002E878E /* Assets.xcassets in Resources */ = {isa = PBXBuildFile; fileRef = ACF10A292492C525002E878E /* Assets.xcassets */; };
		ACF10A2D2492C525002E878E /* LaunchScreen.storyboard in Resources */ = {isa = PBXBuildFile; fileRef = ACF10A2B2492C525002E878E /* LaunchScreen.storyboard */; };
		ACF10A352492C65E002E878E /* PlayVC.swift in Sources */ = {isa = PBXBuildFile; fileRef = ACF10A342492C65E002E878E /* PlayVC.swift */; };
		ACF10A372492C773002E878E /* Ghost.png in Resources */ = {isa = PBXBuildFile; fileRef = ACF10A362492C773002E878E /* Ghost.png */; };
		ACF10A3B2492DF84002E878E /* DifficultyVC.swift in Sources */ = {isa = PBXBuildFile; fileRef = ACF10A3A2492DF84002E878E /* DifficultyVC.swift */; };
		ACF10A3D2492EFCC002E878E /* ScoreVC.swift in Sources */ = {isa = PBXBuildFile; fileRef = ACF10A3C2492EFCC002E878E /* ScoreVC.swift */; };
/* End PBXBuildFile section */

/* Begin PBXFileReference section */
		AC62452F2492FD1300050444 /* RulesVC.swift */ = {isa = PBXFileReference; lastKnownFileType = sourcecode.swift; path = RulesVC.swift; sourceTree = "<group>"; };
		ACF10A1A2492C524002E878E /* Catch the ghost.app */ = {isa = PBXFileReference; explicitFileType = wrapper.application; includeInIndex = 0; path = "Catch the ghost.app"; sourceTree = BUILT_PRODUCTS_DIR; };
		ACF10A1D2492C524002E878E /* AppDelegate.swift */ = {isa = PBXFileReference; lastKnownFileType = sourcecode.swift; path = AppDelegate.swift; sourceTree = "<group>"; };
		ACF10A1F2492C524002E878E /* SceneDelegate.swift */ = {isa = PBXFileReference; lastKnownFileType = sourcecode.swift; path = SceneDelegate.swift; sourceTree = "<group>"; };
		ACF10A212492C524002E878E /* ViewController.swift */ = {isa = PBXFileReference; lastKnownFileType = sourcecode.swift; path = ViewController.swift; sourceTree = "<group>"; };
		ACF10A242492C524002E878E /* Base */ = {isa = PBXFileReference; lastKnownFileType = file.storyboard; name = Base; path = Base.lproj/Main.storyboard; sourceTree = "<group>"; };
		ACF10A272492C524002E878E /* Catch_the_ghost.xcdatamodel */ = {isa = PBXFileReference; lastKnownFileType = wrapper.xcdatamodel; path = Catch_the_ghost.xcdatamodel; sourceTree = "<group>"; };
		ACF10A292492C525002E878E /* Assets.xcassets */ = {isa = PBXFileReference; lastKnownFileType = folder.assetcatalog; path = Assets.xcassets; sourceTree = "<group>"; };
		ACF10A2C2492C525002E878E /* Base */ = {isa = PBXFileReference; lastKnownFileType = file.storyboard; name = Base; path = Base.lproj/LaunchScreen.storyboard; sourceTree = "<group>"; };
		ACF10A2E2492C525002E878E /* Info.plist */ = {isa = PBXFileReference; lastKnownFileType = text.plist.xml; path = Info.plist; sourceTree = "<group>"; };
		ACF10A342492C65E002E878E /* PlayVC.swift */ = {isa = PBXFileReference; lastKnownFileType = sourcecode.swift; path = PlayVC.swift; sourceTree = "<group>"; };
		ACF10A362492C773002E878E /* Ghost.png */ = {isa = PBXFileReference; lastKnownFileType = image.png; path = Ghost.png; sourceTree = "<group>"; };
		ACF10A3A2492DF84002E878E /* DifficultyVC.swift */ = {isa = PBXFileReference; lastKnownFileType = sourcecode.swift; path = DifficultyVC.swift; sourceTree = "<group>"; };
		ACF10A3C2492EFCC002E878E /* ScoreVC.swift */ = {isa = PBXFileReference; lastKnownFileType = sourcecode.swift; path = ScoreVC.swift; sourceTree = "<group>"; };
/* End PBXFileReference section */

/* Begin PBXFrameworksBuildPhase section */
		ACF10A172492C524002E878E /* Frameworks */ = {
			isa = PBXFrameworksBuildPhase;
			buildActionMask = 2147483647;
			files = (
			);
			runOnlyForDeploymentPostprocessing = 0;
		};
/* End PBXFrameworksBuildPhase section */

/* Begin PBXGroup section */
		ACF10A112492C524002E878E = {
			isa = PBXGroup;
			children = (
				ACF10A1C2492C524002E878E /* Catch the ghost */,
				ACF10A1B2492C524002E878E /* Products */,
			);
			sourceTree = "<group>";
		};
		ACF10A1B2492C524002E878E /* Products */ = {
			isa = PBXGroup;
			children = (
				ACF10A1A2492C524002E878E /* Catch the ghost.app */,
			);
			name = Products;
			sourceTree = "<group>";
		};
		ACF10A1C2492C524002E878E /* Catch the ghost */ = {
			isa = PBXGroup;
			children = (
				ACF10A1D2492C524002E878E /* AppDelegate.swift */,
				ACF10A1F2492C524002E878E /* SceneDelegate.swift */,
				ACF10A212492C524002E878E /* ViewController.swift */,
				ACF10A342492C65E002E878E /* PlayVC.swift */,
				ACF10A3A2492DF84002E878E /* DifficultyVC.swift */,
				ACF10A232492C524002E878E /* Main.storyboard */,
				AC62452F2492FD1300050444 /* RulesVC.swift */,
				ACF10A3C2492EFCC002E878E /* ScoreVC.swift */,
				ACF10A292492C525002E878E /* Assets.xcassets */,
				ACF10A362492C773002E878E /* Ghost.png */,
				ACF10A2B2492C525002E878E /* LaunchScreen.storyboard */,
				ACF10A2E2492C525002E878E /* Info.plist */,
				ACF10A262492C524002E878E /* Catch_the_ghost.xcdatamodeld */,
			);
			path = "Catch the ghost";
			sourceTree = "<group>";
		};
/* End PBXGroup section */

/* Begin PBXNativeTarget section */
		ACF10A192492C524002E878E /* Catch the ghost */ = {
			isa = PBXNativeTarget;
			buildConfigurationList = ACF10A312492C525002E878E /* Build configuration list for PBXNativeTarget "Catch the ghost" */;
			buildPhases = (
				ACF10A162492C524002E878E /* Sources */,
				ACF10A172492C524002E878E /* Frameworks */,
				ACF10A182492C524002E878E /* Resources */,
			);
			buildRules = (
			);
			dependencies = (
			);
			name = "Catch the ghost";
			productName = "Catch the ghost";
			productReference = ACF10A1A2492C524002E878E /* Catch the ghost.app */;
			productType = "com.apple.product-type.application";
		};
/* End PBXNativeTarget section */

/* Begin PBXProject section */
		ACF10A122492C524002E878E /* Project object */ = {
			isa = PBXProject;
			attributes = {
				LastSwiftUpdateCheck = 1140;
				LastUpgradeCheck = 1140;
				ORGANIZATIONNAME = "Mert Pişmişoğlu";
				TargetAttributes = {
					ACF10A192492C524002E878E = {
						CreatedOnToolsVersion = 11.4;
					};
				};
			};
			buildConfigurationList = ACF10A152492C524002E878E /* Build configuration list for PBXProject "Catch the ghost" */;
			compatibilityVersion = "Xcode 9.3";
			developmentRegion = en;
			hasScannedForEncodings = 0;
			knownRegions = (
				en,
				Base,
			);
			mainGroup = ACF10A112492C524002E878E;
			productRefGroup = ACF10A1B2492C524002E878E /* Products */;
			projectDirPath = "";
			projectRoot = "";
			targets = (
				ACF10A192492C524002E878E /* Catch the ghost */,
			);
		};
/* End PBXProject section */

/* Begin PBXResourcesBuildPhase section */
		ACF10A182492C524002E878E /* Resources */ = {
			isa = PBXResourcesBuildPhase;
			buildActionMask = 2147483647;
			files = (
				ACF10A2D2492C525002E878E /* LaunchScreen.storyboard in Resources */,
				ACF10A372492C773002E878E /* Ghost.png in Resources */,
				ACF10A2A2492C525002E878E /* Assets.xcassets in Resources */,
				ACF10A252492C524002E878E /* Main.storyboard in Resources */,
			);
			runOnlyForDeploymentPostprocessing = 0;
		};
/* End PBXResourcesBuildPhase section */

/* Begin PBXSourcesBuildPhase section */
		ACF10A162492C524002E878E /* Sources */ = {
			isa = PBXSourcesBuildPhase;
			buildActionMask = 2147483647;
			files = (
				ACF10A3B2492DF84002E878E /* DifficultyVC.swift in Sources */,
				ACF10A222492C524002E878E /* ViewController.swift in Sources */,
				ACF10A3D2492EFCC002E878E /* ScoreVC.swift in Sources */,
				ACF10A1E2492C524002E878E /* AppDelegate.swift in Sources */,
				AC6245302492FD1300050444 /* RulesVC.swift in Sources */,
				ACF10A352492C65E002E878E /* PlayVC.swift in Sources */,
				ACF10A202492C524002E878E /* SceneDelegate.swift in Sources */,
				ACF10A282492C524002E878E /* Catch_the_ghost.xcdatamodeld in Sources */,
			);
			runOnlyForDeploymentPostprocessing = 0;
		};
/* End PBXSourcesBuildPhase section */

/* Begin PBXVariantGroup section */
		ACF10A232492C524002E878E /* Main.storyboard */ = {
			isa = PBXVariantGroup;
			children = (
				ACF10A242492C524002E878E /* Base */,
			);
			name = Main.storyboard;
			sourceTree = "<group>";
		};
		ACF10A2B2492C525002E878E /* LaunchScreen.storyboard */ = {
			isa = PBXVariantGroup;
			children = (
				ACF10A2C2492C525002E878E /* Base */,
			);
			name = LaunchScreen.storyboard;
			sourceTree = "<group>";
		};
/* End PBXVariantGroup section */

/* Begin XCBuildConfiguration section */
		ACF10A2F2492C525002E878E /* Debug */ = {
			isa = XCBuildConfiguration;
			buildSettings = {
				ALWAYS_SEARCH_USER_PATHS = NO;
				CLANG_ANALYZER_NONNULL = YES;
				CLANG_ANALYZER_NUMBER_OBJECT_CONVERSION = YES_AGGRESSIVE;
				CLANG_CXX_LANGUAGE_STANDARD = "gnu++14";
				CLANG_CXX_LIBRARY = "libc++";
				CLANG_ENABLE_MODULES = YES;
				CLANG_ENABLE_OBJC_ARC = YES;
				CLANG_ENABLE_OBJC_WEAK = YES;
				CLANG_WARN_BLOCK_CAPTURE_AUTORELEASING = YES;
				CLANG_WARN_BOOL_CONVERSION = YES;
				CLANG_WARN_COMMA = YES;
				CLANG_WARN_CONSTANT_CONVERSION = YES;
				CLANG_WARN_DEPRECATED_OBJC_IMPLEMENTATIONS = YES;
				CLANG_WARN_DIRECT_OBJC_ISA_USAGE = YES_ERROR;
				CLANG_WARN_DOCUMENTATION_COMMENTS = YES;
				CLANG_WARN_EMPTY_BODY = YES;
				CLANG_WARN_ENUM_CONVERSION = YES;
				CLANG_WARN_INFINITE_RECURSION = YES;
				CLANG_WARN_INT_CONVERSION = YES;
				CLANG_WARN_NON_LITERAL_NULL_CONVERSION = YES;
				CLANG_WARN_OBJC_IMPLICIT_RETAIN_SELF = YES;
				CLANG_WARN_OBJC_LITERAL_CONVERSION = YES;
				CLANG_WARN_OBJC_ROOT_CLASS = YES_ERROR;
				CLANG_WARN_RANGE_LOOP_ANALYSIS = YES;
				CLANG_WARN_STRICT_PROTOTYPES = YES;
				CLANG_WARN_SUSPICIOUS_MOVE = YES;
				CLANG_WARN_UNGUARDED_AVAILABILITY = YES_AGGRESSIVE;
				CLANG_WARN_UNREACHABLE_CODE = YES;
				CLANG_WARN__DUPLICATE_METHOD_MATCH = YES;
				COPY_PHASE_STRIP = NO;
				DEBUG_INFORMATION_FORMAT = dwarf;
				ENABLE_STRICT_OBJC_MSGSEND = YES;
				ENABLE_TESTABILITY = YES;
				GCC_C_LANGUAGE_STANDARD = gnu11;
				GCC_DYNAMIC_NO_PIC = NO;
				GCC_NO_COMMON_BLOCKS = YES;
				GCC_OPTIMIZATION_LEVEL = 0;
				GCC_PREPROCESSOR_DEFINITIONS = (
					"DEBUG=1",
					"$(inherited)",
				);
				GCC_WARN_64_TO_32_BIT_CONVERSION = YES;
				GCC_WARN_ABOUT_RETURN_TYPE = YES_ERROR;
				GCC_WARN_UNDECLARED_SELECTOR = YES;
				GCC_WARN_UNINITIALIZED_AUTOS = YES_AGGRESSIVE;
				GCC_WARN_UNUSED_FUNCTION = YES;
				GCC_WARN_UNUSED_VARIABLE = YES;
				IPHONEOS_DEPLOYMENT_TARGET = 13.4;
				MTL_ENABLE_DEBUG_INFO = INCLUDE_SOURCE;
				MTL_FAST_MATH = YES;
				ONLY_ACTIVE_ARCH = YES;
				SDKROOT = iphoneos;
				SWIFT_ACTIVE_COMPILATION_CONDITIONS = DEBUG;
				SWIFT_OPTIMIZATION_LEVEL = "-Onone";
			};
			name = Debug;
		};
		ACF10A302492C525002E878E /* Release */ = {
			isa = XCBuildConfiguration;
			buildSettings = {
				ALWAYS_SEARCH_USER_PATHS = NO;
				CLANG_ANALYZER_NONNULL = YES;
				CLANG_ANALYZER_NUMBER_OBJECT_CONVERSION = YES_AGGRESSIVE;
				CLANG_CXX_LANGUAGE_STANDARD = "gnu++14";
				CLANG_CXX_LIBRARY = "libc++";
				CLANG_ENABLE_MODULES = YES;
				CLANG_ENABLE_OBJC_ARC = YES;
				CLANG_ENABLE_OBJC_WEAK = YES;
				CLANG_WARN_BLOCK_CAPTURE_AUTORELEASING = YES;
				CLANG_WARN_BOOL_CONVERSION = YES;
				CLANG_WARN_COMMA = YES;
				CLANG_WARN_CONSTANT_CONVERSION = YES;
				CLANG_WARN_DEPRECATED_OBJC_IMPLEMENTATIONS = YES;
				CLANG_WARN_DIRECT_OBJC_ISA_USAGE = YES_ERROR;
				CLANG_WARN_DOCUMENTATION_COMMENTS = YES;
				CLANG_WARN_EMPTY_BODY = YES;
				CLANG_WARN_ENUM_CONVERSION = YES;
				CLANG_WARN_INFINITE_RECURSION = YES;
				CLANG_WARN_INT_CONVERSION = YES;
				CLANG_WARN_NON_LITERAL_NULL_CONVERSION = YES;
				CLANG_WARN_OBJC_IMPLICIT_RETAIN_SELF = YES;
				CLANG_WARN_OBJC_LITERAL_CONVERSION = YES;
				CLANG_WARN_OBJC_ROOT_CLASS = YES_ERROR;
				CLANG_WARN_RANGE_LOOP_ANALYSIS = YES;
				CLANG_WARN_STRICT_PROTOTYPES = YES;
				CLANG_WARN_SUSPICIOUS_MOVE = YES;
				CLANG_WARN_UNGUARDED_AVAILABILITY = YES_AGGRESSIVE;
				CLANG_WARN_UNREACHABLE_CODE = YES;
				CLANG_WARN__DUPLICATE_METHOD_MATCH = YES;
				COPY_PHASE_STRIP = NO;
				DEBUG_INFORMATION_FORMAT = "dwarf-with-dsym";
				ENABLE_NS_ASSERTIONS = NO;
				ENABLE_STRICT_OBJC_MSGSEND = YES;
				GCC_C_LANGUAGE_STANDARD = gnu11;
				GCC_NO_COMMON_BLOCKS = YES;
				GCC_WARN_64_TO_32_BIT_CONVERSION = YES;
				GCC_WARN_ABOUT_RETURN_TYPE = YES_ERROR;
				GCC_WARN_UNDECLARED_SELECTOR = YES;
				GCC_WARN_UNINITIALIZED_AUTOS = YES_AGGRESSIVE;
				GCC_WARN_UNUSED_FUNCTION = YES;
				GCC_WARN_UNUSED_VARIABLE = YES;
				IPHONEOS_DEPLOYMENT_TARGET = 13.4;
				MTL_ENABLE_DEBUG_INFO = NO;
				MTL_FAST_MATH = YES;
				SDKROOT = iphoneos;
				SWIFT_COMPILATION_MODE = wholemodule;
				SWIFT_OPTIMIZATION_LEVEL = "-O";
				VALIDATE_PRODUCT = YES;
			};
			name = Release;
		};
		ACF10A322492C525002E878E /* Debug */ = {
			isa = XCBuildConfiguration;
			buildSettings = {
				ASSETCATALOG_COMPILER_APPICON_NAME = AppIcon;
				CODE_SIGN_STYLE = Automatic;
				DEVELOPMENT_TEAM = 3TAQ3RWTX2;
				INFOPLIST_FILE = "Catch the ghost/Info.plist";
				LD_RUNPATH_SEARCH_PATHS = (
					"$(inherited)",
					"@executable_path/Frameworks",
				);
				PRODUCT_BUNDLE_IDENTIFIER = "mp.Catch-the-ghost";
				PRODUCT_NAME = "$(TARGET_NAME)";
				SWIFT_VERSION = 5.0;
				TARGETED_DEVICE_FAMILY = "1,2";
			};
			name = Debug;
		};
		ACF10A332492C525002E878E /* Release */ = {
			isa = XCBuildConfiguration;
			buildSettings = {
				ASSETCATALOG_COMPILER_APPICON_NAME = AppIcon;
				CODE_SIGN_STYLE = Automatic;
				DEVELOPMENT_TEAM = 3TAQ3RWTX2;
				INFOPLIST_FILE = "Catch the ghost/Info.plist";
				LD_RUNPATH_SEARCH_PATHS = (
					"$(inherited)",
					"@executable_path/Frameworks",
				);
				PRODUCT_BUNDLE_IDENTIFIER = "mp.Catch-the-ghost";
				PRODUCT_NAME = "$(TARGET_NAME)";
				SWIFT_VERSION = 5.0;
				TARGETED_DEVICE_FAMILY = "1,2";
			};
			name = Release;
		};
/* End XCBuildConfiguration section */

/* Begin XCConfigurationList section */
		ACF10A152492C524002E878E /* Build configuration list for PBXProject "Catch the ghost" */ = {
			isa = XCConfigurationList;
			buildConfigurations = (
				ACF10A2F2492C525002E878E /* Debug */,
				ACF10A302492C525002E878E /* Release */,
			);
			defaultConfigurationIsVisible = 0;
			defaultConfigurationName = Release;
		};
		ACF10A312492C525002E878E /* Build configuration list for PBXNativeTarget "Catch the ghost" */ = {
			isa = XCConfigurationList;
			buildConfigurations = (
				ACF10A322492C525002E878E /* Debug */,
				ACF10A332492C525002E878E /* Release */,
			);
			defaultConfigurationIsVisible = 0;
			defaultConfigurationName = Release;
		};
/* End XCConfigurationList section */

/* Begin XCVersionGroup section */
		ACF10A262492C524002E878E /* Catch_the_ghost.xcdatamodeld */ = {
			isa = XCVersionGroup;
			children = (
				ACF10A272492C524002E878E /* Catch_the_ghost.xcdatamodel */,
			);
			currentVersion = ACF10A272492C524002E878E /* Catch_the_ghost.xcdatamodel */;
			path = Catch_the_ghost.xcdatamodeld;
			sourceTree = "<group>";
			versionGroupType = wrapper.xcdatamodel;
		};
/* End XCVersionGroup section */
	};
	rootObject = ACF10A122492C524002E878E /* Project object */;
}
